
Microsoft Visual Studio Solution File, Format Version 12.00
# Visual Studio Version 17
VisualStudioVersion = 17.9.34701.34
MinimumVisualStudioVersion = 10.0.40219.1
Project("{FAE04EC0-301F-11D3-BF4B-00C04F79EFBC}") = "WH40K_GUI_UAT_MS539_ML_Week2", "WH40K_GUI_UAT_MS539_ML_Week2.csproj", "{C60B5F12-2544-4569-9021-C4E1AAD62D73}"
EndProject
Global
	GlobalSection(SolutionConfigurationPlatforms) = preSolution
		Debug|Any CPU = Debug|Any CPU
		Release|Any CPU = Release|Any CPU
	EndGlobalSection
	GlobalSection(ProjectConfigurationPlatforms) = postSolution
		{C60B5F12-2544-4569-9021-C4E1AAD62D73}.Debug|Any CPU.ActiveCfg = Debug|Any CPU
		{C60B5F12-2544-4569-9021-C4E1AAD62D73}.Debug|Any CPU.Build.0 = Debug|Any CPU
		{C60B5F12-2544-4569-9021-C4E1AAD62D73}.Release|Any CPU.ActiveCfg = Release|Any CPU
		{C60B5F12-2544-4569-9021-C4E1AAD62D73}.Release|Any CPU.Build.0 = Release|Any CPU
	EndGlobalSection
	GlobalSection(SolutionProperties) = preSolution
		HideSolutionNode = FALSE
	EndGlobalSection
	GlobalSection(ExtensibilityGlobals) = postSolution
		SolutionGuid = {EBC7D299-0BE5-4D6C-9C35-F05A2063E821}
	EndGlobalSection
EndGlobal
